
Microsoft Visual Studio Solution File, Format Version 12.00
# Visual Studio Version 17
VisualStudioVersion = 17.1.32228.430
MinimumVisualStudioVersion = 10.0.40219.1
Project("{FAE04EC0-301F-11D3-BF4B-00C04F79EFBC}") = "Day13Demo", "Day13Demo\Day13Demo.csproj", "{E5F045EC-080C-4727-9951-8791A03A8EF1}"
EndProject
Global
	GlobalSection(SolutionConfigurationPlatforms) = preSolution
		Debug|Any CPU = Debug|Any CPU
		Release|Any CPU = Release|Any CPU
	EndGlobalSection
	GlobalSection(ProjectConfigurationPlatforms) = postSolution
		{E5F045EC-080C-4727-9951-8791A03A8EF1}.Debug|Any CPU.ActiveCfg = Debug|Any CPU
		{E5F045EC-080C-4727-9951-8791A03A8EF1}.Debug|Any CPU.Build.0 = Debug|Any CPU
		{E5F045EC-080C-4727-9951-8791A03A8EF1}.Release|Any CPU.ActiveCfg = Release|Any CPU
		{E5F045EC-080C-4727-9951-8791A03A8EF1}.Release|Any CPU.Build.0 = Release|Any CPU
	EndGlobalSection
	GlobalSection(SolutionProperties) = preSolution
		HideSolutionNode = FALSE
	EndGlobalSection
	GlobalSection(ExtensibilityGlobals) = postSolution
		SolutionGuid = {3625EBC8-7091-4470-8A16-ED3601C03AF0}
	EndGlobalSection
EndGlobal
